
Microsoft Visual Studio Solution File, Format Version 12.00
# Visual Studio 14
VisualStudioVersion = 14.0.25420.1
MinimumVisualStudioVersion = 10.0.40219.1
Project("{F184B08F-C81C-45F6-A57F-5ABD9991F28F}") = "ModProf", "ModProf\ModProf.vbproj", "{22E1728F-16D9-4441-84DF-E96776A734BB}"
	ProjectSection(ProjectDependencies) = postProject
		{40F5EC15-51A3-466F-896C-4FFBC6614DE6} = {40F5EC15-51A3-466F-896C-4FFBC6614DE6}
	EndProjectSection
EndProject
Project("{F184B08F-C81C-45F6-A57F-5ABD9991F28F}") = "DLLDatos", "..\..\DLLDatos\DLLDatos.vbproj", "{A742FC44-5E66-4140-8F30-31784A8F50F5}"
EndProject
Project("{F184B08F-C81C-45F6-A57F-5ABD9991F28F}") = "DLLNegocios", "..\..\DLLNegocios\DLLNegocios.vbproj", "{456C358C-2E04-4DEF-9C75-ABB51056A29C}"
EndProject
Project("{F184B08F-C81C-45F6-A57F-5ABD9991F28F}") = "SAE", "..\..\LibreriaCom\SAE.vbproj", "{40F5EC15-51A3-466F-896C-4FFBC6614DE6}"
EndProject
Global
	GlobalSection(SolutionConfigurationPlatforms) = preSolution
		Debug|Any CPU = Debug|Any CPU
		Release|Any CPU = Release|Any CPU
	EndGlobalSection
	GlobalSection(ProjectConfigurationPlatforms) = postSolution
		{22E1728F-16D9-4441-84DF-E96776A734BB}.Debug|Any CPU.ActiveCfg = Debug|Any CPU
		{22E1728F-16D9-4441-84DF-E96776A734BB}.Debug|Any CPU.Build.0 = Debug|Any CPU
		{22E1728F-16D9-4441-84DF-E96776A734BB}.Release|Any CPU.ActiveCfg = Release|Any CPU
		{22E1728F-16D9-4441-84DF-E96776A734BB}.Release|Any CPU.Build.0 = Release|Any CPU
		{A742FC44-5E66-4140-8F30-31784A8F50F5}.Debug|Any CPU.ActiveCfg = Debug|Any CPU
		{A742FC44-5E66-4140-8F30-31784A8F50F5}.Debug|Any CPU.Build.0 = Debug|Any CPU
		{A742FC44-5E66-4140-8F30-31784A8F50F5}.Release|Any CPU.ActiveCfg = Release|Any CPU
		{A742FC44-5E66-4140-8F30-31784A8F50F5}.Release|Any CPU.Build.0 = Release|Any CPU
		{456C358C-2E04-4DEF-9C75-ABB51056A29C}.Debug|Any CPU.ActiveCfg = Debug|Any CPU
		{456C358C-2E04-4DEF-9C75-ABB51056A29C}.Debug|Any CPU.Build.0 = Debug|Any CPU
		{456C358C-2E04-4DEF-9C75-ABB51056A29C}.Release|Any CPU.ActiveCfg = Release|Any CPU
		{456C358C-2E04-4DEF-9C75-ABB51056A29C}.Release|Any CPU.Build.0 = Release|Any CPU
		{40F5EC15-51A3-466F-896C-4FFBC6614DE6}.Debug|Any CPU.ActiveCfg = Debug|Any CPU
		{40F5EC15-51A3-466F-896C-4FFBC6614DE6}.Debug|Any CPU.Build.0 = Debug|Any CPU
		{40F5EC15-51A3-466F-896C-4FFBC6614DE6}.Release|Any CPU.ActiveCfg = Release|Any CPU
		{40F5EC15-51A3-466F-896C-4FFBC6614DE6}.Release|Any CPU.Build.0 = Release|Any CPU
	EndGlobalSection
	GlobalSection(SolutionProperties) = preSolution
		HideSolutionNode = FALSE
	EndGlobalSection
EndGlobal
